// !$*UTF8*$!
{
	archiveVersion = 1;
	classes = {
	};
	objectVersion = 50;
	objects = {

/* Begin PBXBuildFile section */
		2029919A31D31C4CA1F4B6AA /* Pods_ExpenseTracker_ExpenseTrackerTests.framework in Frameworks */ = {isa = PBXBuildFile; fileRef = A65445F9030F00B61D290EE8 /* Pods_ExpenseTracker_ExpenseTrackerTests.framework */; };
		4BAFA261EBFA109875881E91 /* Pods_ExpenseTracker.framework in Frameworks */ = {isa = PBXBuildFile; fileRef = 6C0F729E0B91C05A8C01C5D9 /* Pods_ExpenseTracker.framework */; };
		CDFD462B246C541300F741D1 /* AppDelegate.swift in Sources */ = {isa = PBXBuildFile; fileRef = CDFD462A246C541300F741D1 /* AppDelegate.swift */; };
		CDFD462D246C541300F741D1 /* SceneDelegate.swift in Sources */ = {isa = PBXBuildFile; fileRef = CDFD462C246C541300F741D1 /* SceneDelegate.swift */; };
		CDFD462F246C541300F741D1 /* RootViewController.swift in Sources */ = {isa = PBXBuildFile; fileRef = CDFD462E246C541300F741D1 /* RootViewController.swift */; };
		CDFD4634246C541400F741D1 /* Assets.xcassets in Resources */ = {isa = PBXBuildFile; fileRef = CDFD4633246C541400F741D1 /* Assets.xcassets */; };
		CDFD4637246C541400F741D1 /* LaunchScreen.storyboard in Resources */ = {isa = PBXBuildFile; fileRef = CDFD4635246C541400F741D1 /* LaunchScreen.storyboard */; };
		CDFD4642246C541400F741D1 /* ExpenseTrackerTests.swift in Sources */ = {isa = PBXBuildFile; fileRef = CDFD4641246C541400F741D1 /* ExpenseTrackerTests.swift */; };
		CDFD464E246C563200F741D1 /* LogInViewController.swift in Sources */ = {isa = PBXBuildFile; fileRef = CDFD464D246C563200F741D1 /* LogInViewController.swift */; };
		CDFD4650246C5BA700F741D1 /* RegisterViewController.swift in Sources */ = {isa = PBXBuildFile; fileRef = CDFD464F246C5BA700F741D1 /* RegisterViewController.swift */; };
		CDFD4652246C5C2200F741D1 /* ExpenseViewController.swift in Sources */ = {isa = PBXBuildFile; fileRef = CDFD4651246C5C2200F741D1 /* ExpenseViewController.swift */; };
		CDFD4654246C5CB400F741D1 /* Constants.swift in Sources */ = {isa = PBXBuildFile; fileRef = CDFD4653246C5CB400F741D1 /* Constants.swift */; };
		CDFD4657246C618500F741D1 /* Expense.swift in Sources */ = {isa = PBXBuildFile; fileRef = CDFD4656246C618500F741D1 /* Expense.swift */; };
		CDFD465B246C709F00F741D1 /* AddExpenseViewController.swift in Sources */ = {isa = PBXBuildFile; fileRef = CDFD465A246C709F00F741D1 /* AddExpenseViewController.swift */; };
		CDFD465D246C77A800F741D1 /* ExpenseBrain.swift in Sources */ = {isa = PBXBuildFile; fileRef = CDFD465C246C77A800F741D1 /* ExpenseBrain.swift */; };
		CDFD465F246C7B5B00F741D1 /* ShowExpenseViewController.swift in Sources */ = {isa = PBXBuildFile; fileRef = CDFD465E246C7B5B00F741D1 /* ShowExpenseViewController.swift */; };
		CDFD4661246C88A300F741D1 /* Main.storyboard in Resources */ = {isa = PBXBuildFile; fileRef = CDFD4660246C88A300F741D1 /* Main.storyboard */; };
/* End PBXBuildFile section */

/* Begin PBXContainerItemProxy section */
		CDFD463E246C541400F741D1 /* PBXContainerItemProxy */ = {
			isa = PBXContainerItemProxy;
			containerPortal = CDFD461F246C541300F741D1 /* Project object */;
			proxyType = 1;
			remoteGlobalIDString = CDFD4626246C541300F741D1;
			remoteInfo = ExpenseTracker;
		};
/* End PBXContainerItemProxy section */

/* Begin PBXFileReference section */
		265A074ABAD0E3FC307EF73E /* Pods-ExpenseTrackerTests.debug.xcconfig */ = {isa = PBXFileReference; includeInIndex = 1; lastKnownFileType = text.xcconfig; name = "Pods-ExpenseTrackerTests.debug.xcconfig"; path = "Target Support Files/Pods-ExpenseTrackerTests/Pods-ExpenseTrackerTests.debug.xcconfig"; sourceTree = "<group>"; };
		369FE4FE80FF0DC9DD78C2D2 /* Pods-ExpenseTrackerTests.release.xcconfig */ = {isa = PBXFileReference; includeInIndex = 1; lastKnownFileType = text.xcconfig; name = "Pods-ExpenseTrackerTests.release.xcconfig"; path = "Target Support Files/Pods-ExpenseTrackerTests/Pods-ExpenseTrackerTests.release.xcconfig"; sourceTree = "<group>"; };
		5EE25AA958CE8A04F5A0857E /* Pods-ExpenseTracker-ExpenseTrackerTests.debug.xcconfig */ = {isa = PBXFileReference; includeInIndex = 1; lastKnownFileType = text.xcconfig; name = "Pods-ExpenseTracker-ExpenseTrackerTests.debug.xcconfig"; path = "Target Support Files/Pods-ExpenseTracker-ExpenseTrackerTests/Pods-ExpenseTracker-ExpenseTrackerTests.debug.xcconfig"; sourceTree = "<group>"; };
		6C0F729E0B91C05A8C01C5D9 /* Pods_ExpenseTracker.framework */ = {isa = PBXFileReference; explicitFileType = wrapper.framework; includeInIndex = 0; path = Pods_ExpenseTracker.framework; sourceTree = BUILT_PRODUCTS_DIR; };
		9354A788BF7AF3547BDA8D6E /* Pods-ExpenseTracker-ExpenseTrackerTests.release.xcconfig */ = {isa = PBXFileReference; includeInIndex = 1; lastKnownFileType = text.xcconfig; name = "Pods-ExpenseTracker-ExpenseTrackerTests.release.xcconfig"; path = "Target Support Files/Pods-ExpenseTracker-ExpenseTrackerTests/Pods-ExpenseTracker-ExpenseTrackerTests.release.xcconfig"; sourceTree = "<group>"; };
		9FBCAE8DA454C7B24FD28845 /* Pods-ExpenseTracker.release.xcconfig */ = {isa = PBXFileReference; includeInIndex = 1; lastKnownFileType = text.xcconfig; name = "Pods-ExpenseTracker.release.xcconfig"; path = "Target Support Files/Pods-ExpenseTracker/Pods-ExpenseTracker.release.xcconfig"; sourceTree = "<group>"; };
		A65445F9030F00B61D290EE8 /* Pods_ExpenseTracker_ExpenseTrackerTests.framework */ = {isa = PBXFileReference; explicitFileType = wrapper.framework; includeInIndex = 0; path = Pods_ExpenseTracker_ExpenseTrackerTests.framework; sourceTree = BUILT_PRODUCTS_DIR; };
		CDFD4627246C541300F741D1 /* ExpenseTracker.app */ = {isa = PBXFileReference; explicitFileType = wrapper.application; includeInIndex = 0; path = ExpenseTracker.app; sourceTree = BUILT_PRODUCTS_DIR; };
		CDFD462A246C541300F741D1 /* AppDelegate.swift */ = {isa = PBXFileReference; lastKnownFileType = sourcecode.swift; path = AppDelegate.swift; sourceTree = "<group>"; };
		CDFD462C246C541300F741D1 /* SceneDelegate.swift */ = {isa = PBXFileReference; lastKnownFileType = sourcecode.swift; path = SceneDelegate.swift; sourceTree = "<group>"; };
		CDFD462E246C541300F741D1 /* RootViewController.swift */ = {isa = PBXFileReference; lastKnownFileType = sourcecode.swift; path = RootViewController.swift; sourceTree = "<group>"; };
		CDFD4633246C541400F741D1 /* Assets.xcassets */ = {isa = PBXFileReference; lastKnownFileType = folder.assetcatalog; path = Assets.xcassets; sourceTree = "<group>"; };
		CDFD4636246C541400F741D1 /* Base */ = {isa = PBXFileReference; lastKnownFileType = file.storyboard; name = Base; path = Base.lproj/LaunchScreen.storyboard; sourceTree = "<group>"; };
		CDFD4638246C541400F741D1 /* Info.plist */ = {isa = PBXFileReference; lastKnownFileType = text.plist.xml; path = Info.plist; sourceTree = "<group>"; };
		CDFD463D246C541400F741D1 /* ExpenseTrackerTests.xctest */ = {isa = PBXFileReference; explicitFileType = wrapper.cfbundle; includeInIndex = 0; path = ExpenseTrackerTests.xctest; sourceTree = BUILT_PRODUCTS_DIR; };
		CDFD4641246C541400F741D1 /* ExpenseTrackerTests.swift */ = {isa = PBXFileReference; lastKnownFileType = sourcecode.swift; path = ExpenseTrackerTests.swift; sourceTree = "<group>"; };
		CDFD4643246C541400F741D1 /* Info.plist */ = {isa = PBXFileReference; lastKnownFileType = text.plist.xml; path = Info.plist; sourceTree = "<group>"; };
		CDFD464D246C563200F741D1 /* LogInViewController.swift */ = {isa = PBXFileReference; lastKnownFileType = sourcecode.swift; path = LogInViewController.swift; sourceTree = "<group>"; };
		CDFD464F246C5BA700F741D1 /* RegisterViewController.swift */ = {isa = PBXFileReference; lastKnownFileType = sourcecode.swift; path = RegisterViewController.swift; sourceTree = "<group>"; };
		CDFD4651246C5C2200F741D1 /* ExpenseViewController.swift */ = {isa = PBXFileReference; lastKnownFileType = sourcecode.swift; path = ExpenseViewController.swift; sourceTree = "<group>"; };
		CDFD4653246C5CB400F741D1 /* Constants.swift */ = {isa = PBXFileReference; lastKnownFileType = sourcecode.swift; path = Constants.swift; sourceTree = "<group>"; };
		CDFD4656246C618500F741D1 /* Expense.swift */ = {isa = PBXFileReference; lastKnownFileType = sourcecode.swift; path = Expense.swift; sourceTree = "<group>"; };
		CDFD465A246C709F00F741D1 /* AddExpenseViewController.swift */ = {isa = PBXFileReference; lastKnownFileType = sourcecode.swift; path = AddExpenseViewController.swift; sourceTree = "<group>"; };
		CDFD465C246C77A800F741D1 /* ExpenseBrain.swift */ = {isa = PBXFileReference; lastKnownFileType = sourcecode.swift; path = ExpenseBrain.swift; sourceTree = "<group>"; };
		CDFD465E246C7B5B00F741D1 /* ShowExpenseViewController.swift */ = {isa = PBXFileReference; lastKnownFileType = sourcecode.swift; path = ShowExpenseViewController.swift; sourceTree = "<group>"; };
		CDFD4660246C88A300F741D1 /* Main.storyboard */ = {isa = PBXFileReference; fileEncoding = 4; lastKnownFileType = file.storyboard; path = Main.storyboard; sourceTree = "<group>"; };
		DE3AD9081390A4DA032590C8 /* Pods-ExpenseTracker.debug.xcconfig */ = {isa = PBXFileReference; includeInIndex = 1; lastKnownFileType = text.xcconfig; name = "Pods-ExpenseTracker.debug.xcconfig"; path = "Target Support Files/Pods-ExpenseTracker/Pods-ExpenseTracker.debug.xcconfig"; sourceTree = "<group>"; };
/* End PBXFileReference section */

/* Begin PBXFrameworksBuildPhase section */
		CDFD4624246C541300F741D1 /* Frameworks */ = {
			isa = PBXFrameworksBuildPhase;
			buildActionMask = 2147483647;
			files = (
				4BAFA261EBFA109875881E91 /* Pods_ExpenseTracker.framework in Frameworks */,
			);
			runOnlyForDeploymentPostprocessing = 0;
		};
		CDFD463A246C541400F741D1 /* Frameworks */ = {
			isa = PBXFrameworksBuildPhase;
			buildActionMask = 2147483647;
			files = (
				2029919A31D31C4CA1F4B6AA /* Pods_ExpenseTracker_ExpenseTrackerTests.framework in Frameworks */,
			);
			runOnlyForDeploymentPostprocessing = 0;
		};
/* End PBXFrameworksBuildPhase section */

/* Begin PBXGroup section */
		31446B54BC2D57E65896F476 /* Pods */ = {
			isa = PBXGroup;
			children = (
				DE3AD9081390A4DA032590C8 /* Pods-ExpenseTracker.debug.xcconfig */,
				9FBCAE8DA454C7B24FD28845 /* Pods-ExpenseTracker.release.xcconfig */,
				265A074ABAD0E3FC307EF73E /* Pods-ExpenseTrackerTests.debug.xcconfig */,
				369FE4FE80FF0DC9DD78C2D2 /* Pods-ExpenseTrackerTests.release.xcconfig */,
				5EE25AA958CE8A04F5A0857E /* Pods-ExpenseTracker-ExpenseTrackerTests.debug.xcconfig */,
				9354A788BF7AF3547BDA8D6E /* Pods-ExpenseTracker-ExpenseTrackerTests.release.xcconfig */,
			);
			name = Pods;
			path = Pods;
			sourceTree = "<group>";
		};
		AEB6D3C4CE8937EA6A65D9F4 /* Frameworks */ = {
			isa = PBXGroup;
			children = (
				6C0F729E0B91C05A8C01C5D9 /* Pods_ExpenseTracker.framework */,
				A65445F9030F00B61D290EE8 /* Pods_ExpenseTracker_ExpenseTrackerTests.framework */,
			);
			name = Frameworks;
			sourceTree = "<group>";
		};
		CDFD461E246C541300F741D1 = {
			isa = PBXGroup;
			children = (
				CDFD4629246C541300F741D1 /* ExpenseTracker */,
				CDFD4640246C541400F741D1 /* ExpenseTrackerTests */,
				CDFD4628246C541300F741D1 /* Products */,
				31446B54BC2D57E65896F476 /* Pods */,
				AEB6D3C4CE8937EA6A65D9F4 /* Frameworks */,
			);
			sourceTree = "<group>";
		};
		CDFD4628246C541300F741D1 /* Products */ = {
			isa = PBXGroup;
			children = (
				CDFD4627246C541300F741D1 /* ExpenseTracker.app */,
				CDFD463D246C541400F741D1 /* ExpenseTrackerTests.xctest */,
			);
			name = Products;
			sourceTree = "<group>";
		};
		CDFD4629246C541300F741D1 /* ExpenseTracker */ = {
			isa = PBXGroup;
			children = (
				CDFD462A246C541300F741D1 /* AppDelegate.swift */,
				CDFD462C246C541300F741D1 /* SceneDelegate.swift */,
				CDFD4656246C618500F741D1 /* Expense.swift */,
				CDFD465C246C77A800F741D1 /* ExpenseBrain.swift */,
				CDFD4655246C605500F741D1 /* Controllers */,
				CDFD464C246C542200F741D1 /* Views */,
				CDFD4633246C541400F741D1 /* Assets.xcassets */,
				CDFD4653246C5CB400F741D1 /* Constants.swift */,
				CDFD4638246C541400F741D1 /* Info.plist */,
			);
			path = ExpenseTracker;
			sourceTree = "<group>";
		};
		CDFD4640246C541400F741D1 /* ExpenseTrackerTests */ = {
			isa = PBXGroup;
			children = (
				CDFD4641246C541400F741D1 /* ExpenseTrackerTests.swift */,
				CDFD4643246C541400F741D1 /* Info.plist */,
			);
			path = ExpenseTrackerTests;
			sourceTree = "<group>";
		};
		CDFD464C246C542200F741D1 /* Views */ = {
			isa = PBXGroup;
			children = (
				CDFD4660246C88A300F741D1 /* Main.storyboard */,
				CDFD4635246C541400F741D1 /* LaunchScreen.storyboard */,
			);
			path = Views;
			sourceTree = "<group>";
		};
		CDFD4655246C605500F741D1 /* Controllers */ = {
			isa = PBXGroup;
			children = (
				CDFD462E246C541300F741D1 /* RootViewController.swift */,
				CDFD464D246C563200F741D1 /* LogInViewController.swift */,
				CDFD464F246C5BA700F741D1 /* RegisterViewController.swift */,
				CDFD4651246C5C2200F741D1 /* ExpenseViewController.swift */,
				CDFD465A246C709F00F741D1 /* AddExpenseViewController.swift */,
				CDFD465E246C7B5B00F741D1 /* ShowExpenseViewController.swift */,
			);
			path = Controllers;
			sourceTree = "<group>";
		};
/* End PBXGroup section */

/* Begin PBXNativeTarget section */
		CDFD4626246C541300F741D1 /* ExpenseTracker */ = {
			isa = PBXNativeTarget;
			buildConfigurationList = CDFD4646246C541400F741D1 /* Build configuration list for PBXNativeTarget "ExpenseTracker" */;
			buildPhases = (
				0B0E533543D7F87D4C1533F7 /* [CP] Check Pods Manifest.lock */,
				CDFD4623246C541300F741D1 /* Sources */,
				CDFD4624246C541300F741D1 /* Frameworks */,
				CDFD4625246C541300F741D1 /* Resources */,
			);
			buildRules = (
			);
			dependencies = (
			);
			name = ExpenseTracker;
			productName = ExpenseTracker;
			productReference = CDFD4627246C541300F741D1 /* ExpenseTracker.app */;
			productType = "com.apple.product-type.application";
		};
		CDFD463C246C541400F741D1 /* ExpenseTrackerTests */ = {
			isa = PBXNativeTarget;
			buildConfigurationList = CDFD4649246C541400F741D1 /* Build configuration list for PBXNativeTarget "ExpenseTrackerTests" */;
			buildPhases = (
				7FBCE06993933C2B54B9D05C /* [CP] Check Pods Manifest.lock */,
				CDFD4639246C541400F741D1 /* Sources */,
				CDFD463A246C541400F741D1 /* Frameworks */,
				CDFD463B246C541400F741D1 /* Resources */,
				8A05117045A966EF023E005F /* [CP] Embed Pods Frameworks */,
			);
			buildRules = (
			);
			dependencies = (
				CDFD463F246C541400F741D1 /* PBXTargetDependency */,
			);
			name = ExpenseTrackerTests;
			productName = ExpenseTrackerTests;
			productReference = CDFD463D246C541400F741D1 /* ExpenseTrackerTests.xctest */;
			productType = "com.apple.product-type.bundle.unit-test";
		};
/* End PBXNativeTarget section */

/* Begin PBXProject section */
		CDFD461F246C541300F741D1 /* Project object */ = {
			isa = PBXProject;
			attributes = {
				LastSwiftUpdateCheck = 1140;
				LastUpgradeCheck = 1140;
				ORGANIZATIONNAME = "eli heineman";
				TargetAttributes = {
					CDFD4626246C541300F741D1 = {
						CreatedOnToolsVersion = 11.4;
					};
					CDFD463C246C541400F741D1 = {
						CreatedOnToolsVersion = 11.4;
						TestTargetID = CDFD4626246C541300F741D1;
					};
				};
			};
			buildConfigurationList = CDFD4622246C541300F741D1 /* Build configuration list for PBXProject "ExpenseTracker" */;
			compatibilityVersion = "Xcode 9.3";
			developmentRegion = en;
			hasScannedForEncodings = 0;
			knownRegions = (
				en,
				Base,
			);
			mainGroup = CDFD461E246C541300F741D1;
			productRefGroup = CDFD4628246C541300F741D1 /* Products */;
			projectDirPath = "";
			projectRoot = "";
			targets = (
				CDFD4626246C541300F741D1 /* ExpenseTracker */,
				CDFD463C246C541400F741D1 /* ExpenseTrackerTests */,
			);
		};
/* End PBXProject section */

/* Begin PBXResourcesBuildPhase section */
		CDFD4625246C541300F741D1 /* Resources */ = {
			isa = PBXResourcesBuildPhase;
			buildActionMask = 2147483647;
			files = (
				CDFD4661246C88A300F741D1 /* Main.storyboard in Resources */,
				CDFD4637246C541400F741D1 /* LaunchScreen.storyboard in Resources */,
				CDFD4634246C541400F741D1 /* Assets.xcassets in Resources */,
			);
			runOnlyForDeploymentPostprocessing = 0;
		};
		CDFD463B246C541400F741D1 /* Resources */ = {
			isa = PBXResourcesBuildPhase;
			buildActionMask = 2147483647;
			files = (
			);
			runOnlyForDeploymentPostprocessing = 0;
		};
/* End PBXResourcesBuildPhase section */

/* Begin PBXShellScriptBuildPhase section */
		0B0E533543D7F87D4C1533F7 /* [CP] Check Pods Manifest.lock */ = {
			isa = PBXShellScriptBuildPhase;
			buildActionMask = 2147483647;
			files = (
			);
			inputFileListPaths = (
			);
			inputPaths = (
				"${PODS_PODFILE_DIR_PATH}/Podfile.lock",
				"${PODS_ROOT}/Manifest.lock",
			);
			name = "[CP] Check Pods Manifest.lock";
			outputFileListPaths = (
			);
			outputPaths = (
				"$(DERIVED_FILE_DIR)/Pods-ExpenseTracker-checkManifestLockResult.txt",
			);
			runOnlyForDeploymentPostprocessing = 0;
			shellPath = /bin/sh;
			shellScript = "diff \"${PODS_PODFILE_DIR_PATH}/Podfile.lock\" \"${PODS_ROOT}/Manifest.lock\" > /dev/null\nif [ $? != 0 ] ; then\n    # print error to STDERR\n    echo \"error: The sandbox is not in sync with the Podfile.lock. Run 'pod install' or update your CocoaPods installation.\" >&2\n    exit 1\nfi\n# This output is used by Xcode 'outputs' to avoid re-running this script phase.\necho \"SUCCESS\" > \"${SCRIPT_OUTPUT_FILE_0}\"\n";
			showEnvVarsInLog = 0;
		};
		7FBCE06993933C2B54B9D05C /* [CP] Check Pods Manifest.lock */ = {
			isa = PBXShellScriptBuildPhase;
			buildActionMask = 2147483647;
			files = (
			);
			inputFileListPaths = (
			);
			inputPaths = (
				"${PODS_PODFILE_DIR_PATH}/Podfile.lock",
				"${PODS_ROOT}/Manifest.lock",
			);
			name = "[CP] Check Pods Manifest.lock";
			outputFileListPaths = (
			);
			outputPaths = (
				"$(DERIVED_FILE_DIR)/Pods-ExpenseTracker-ExpenseTrackerTests-checkManifestLockResult.txt",
			);
			runOnlyForDeploymentPostprocessing = 0;
			shellPath = /bin/sh;
			shellScript = "diff \"${PODS_PODFILE_DIR_PATH}/Podfile.lock\" \"${PODS_ROOT}/Manifest.lock\" > /dev/null\nif [ $? != 0 ] ; then\n    # print error to STDERR\n    echo \"error: The sandbox is not in sync with the Podfile.lock. Run 'pod install' or update your CocoaPods installation.\" >&2\n    exit 1\nfi\n# This output is used by Xcode 'outputs' to avoid re-running this script phase.\necho \"SUCCESS\" > \"${SCRIPT_OUTPUT_FILE_0}\"\n";
			showEnvVarsInLog = 0;
		};
		8A05117045A966EF023E005F /* [CP] Embed Pods Frameworks */ = {
			isa = PBXShellScriptBuildPhase;
			buildActionMask = 2147483647;
			files = (
			);
			inputFileListPaths = (
				"${PODS_ROOT}/Target Support Files/Pods-ExpenseTracker-ExpenseTrackerTests/Pods-ExpenseTracker-ExpenseTrackerTests-frameworks-${CONFIGURATION}-input-files.xcfilelist",
			);
			name = "[CP] Embed Pods Frameworks";
			outputFileListPaths = (
				"${PODS_ROOT}/Target Support Files/Pods-ExpenseTracker-ExpenseTrackerTests/Pods-ExpenseTracker-ExpenseTrackerTests-frameworks-${CONFIGURATION}-output-files.xcfilelist",
			);
			runOnlyForDeploymentPostprocessing = 0;
			shellPath = /bin/sh;
			shellScript = "\"${PODS_ROOT}/Target Support Files/Pods-ExpenseTracker-ExpenseTrackerTests/Pods-ExpenseTracker-ExpenseTrackerTests-frameworks.sh\"\n";
			showEnvVarsInLog = 0;
		};
/* End PBXShellScriptBuildPhase section */

/* Begin PBXSourcesBuildPhase section */
		CDFD4623246C541300F741D1 /* Sources */ = {
			isa = PBXSourcesBuildPhase;
			buildActionMask = 2147483647;
			files = (
				CDFD4657246C618500F741D1 /* Expense.swift in Sources */,
				CDFD465D246C77A800F741D1 /* ExpenseBrain.swift in Sources */,
				CDFD464E246C563200F741D1 /* LogInViewController.swift in Sources */,
				CDFD4650246C5BA700F741D1 /* RegisterViewController.swift in Sources */,
				CDFD462F246C541300F741D1 /* RootViewController.swift in Sources */,
				CDFD465F246C7B5B00F741D1 /* ShowExpenseViewController.swift in Sources */,
				CDFD465B246C709F00F741D1 /* AddExpenseViewController.swift in Sources */,
				CDFD462B246C541300F741D1 /* AppDelegate.swift in Sources */,
				CDFD4654246C5CB400F741D1 /* Constants.swift in Sources */,
				CDFD462D246C541300F741D1 /* SceneDelegate.swift in Sources */,
				CDFD4652246C5C2200F741D1 /* ExpenseViewController.swift in Sources */,
			);
			runOnlyForDeploymentPostprocessing = 0;
		};
		CDFD4639246C541400F741D1 /* Sources */ = {
			isa = PBXSourcesBuildPhase;
			buildActionMask = 2147483647;
			files = (
				CDFD4642246C541400F741D1 /* ExpenseTrackerTests.swift in Sources */,
			);
			runOnlyForDeploymentPostprocessing = 0;
		};
/* End PBXSourcesBuildPhase section */

/* Begin PBXTargetDependency section */
		CDFD463F246C541400F741D1 /* PBXTargetDependency */ = {
			isa = PBXTargetDependency;
			target = CDFD4626246C541300F741D1 /* ExpenseTracker */;
			targetProxy = CDFD463E246C541400F741D1 /* PBXContainerItemProxy */;
		};
/* End PBXTargetDependency section */

/* Begin PBXVariantGroup section */
		CDFD4635246C541400F741D1 /* LaunchScreen.storyboard */ = {
			isa = PBXVariantGroup;
			children = (
				CDFD4636246C541400F741D1 /* Base */,
			);
			name = LaunchScreen.storyboard;
			sourceTree = "<group>";
		};
/* End PBXVariantGroup section */

/* Begin XCBuildConfiguration section */
		CDFD4644246C541400F741D1 /* Debug */ = {
			isa = XCBuildConfiguration;
			buildSettings = {
				ALWAYS_SEARCH_USER_PATHS = NO;
				CLANG_ANALYZER_NONNULL = YES;
				CLANG_ANALYZER_NUMBER_OBJECT_CONVERSION = YES_AGGRESSIVE;
				CLANG_CXX_LANGUAGE_STANDARD = "gnu++14";
				CLANG_CXX_LIBRARY = "libc++";
				CLANG_ENABLE_MODULES = YES;
				CLANG_ENABLE_OBJC_ARC = YES;
				CLANG_ENABLE_OBJC_WEAK = YES;
				CLANG_WARN_BLOCK_CAPTURE_AUTORELEASING = YES;
				CLANG_WARN_BOOL_CONVERSION = YES;
				CLANG_WARN_COMMA = YES;
				CLANG_WARN_CONSTANT_CONVERSION = YES;
				CLANG_WARN_DEPRECATED_OBJC_IMPLEMENTATIONS = YES;
				CLANG_WARN_DIRECT_OBJC_ISA_USAGE = YES_ERROR;
				CLANG_WARN_DOCUMENTATION_COMMENTS = YES;
				CLANG_WARN_EMPTY_BODY = YES;
				CLANG_WARN_ENUM_CONVERSION = YES;
				CLANG_WARN_INFINITE_RECURSION = YES;
				CLANG_WARN_INT_CONVERSION = YES;
				CLANG_WARN_NON_LITERAL_NULL_CONVERSION = YES;
				CLANG_WARN_OBJC_IMPLICIT_RETAIN_SELF = YES;
				CLANG_WARN_OBJC_LITERAL_CONVERSION = YES;
				CLANG_WARN_OBJC_ROOT_CLASS = YES_ERROR;
				CLANG_WARN_RANGE_LOOP_ANALYSIS = YES;
				CLANG_WARN_STRICT_PROTOTYPES = YES;
				CLANG_WARN_SUSPICIOUS_MOVE = YES;
				CLANG_WARN_UNGUARDED_AVAILABILITY = YES_AGGRESSIVE;
				CLANG_WARN_UNREACHABLE_CODE = YES;
				CLANG_WARN__DUPLICATE_METHOD_MATCH = YES;
				COPY_PHASE_STRIP = NO;
				DEBUG_INFORMATION_FORMAT = dwarf;
				ENABLE_STRICT_OBJC_MSGSEND = YES;
				ENABLE_TESTABILITY = YES;
				GCC_C_LANGUAGE_STANDARD = gnu11;
				GCC_DYNAMIC_NO_PIC = NO;
				GCC_NO_COMMON_BLOCKS = YES;
				GCC_OPTIMIZATION_LEVEL = 0;
				GCC_PREPROCESSOR_DEFINITIONS = (
					"DEBUG=1",
					"$(inherited)",
				);
				GCC_WARN_64_TO_32_BIT_CONVERSION = YES;
				GCC_WARN_ABOUT_RETURN_TYPE = YES_ERROR;
				GCC_WARN_UNDECLARED_SELECTOR = YES;
				GCC_WARN_UNINITIALIZED_AUTOS = YES_AGGRESSIVE;
				GCC_WARN_UNUSED_FUNCTION = YES;
				GCC_WARN_UNUSED_VARIABLE = YES;
				IPHONEOS_DEPLOYMENT_TARGET = 13.4;
				MTL_ENABLE_DEBUG_INFO = INCLUDE_SOURCE;
				MTL_FAST_MATH = YES;
				ONLY_ACTIVE_ARCH = YES;
				SDKROOT = iphoneos;
				SWIFT_ACTIVE_COMPILATION_CONDITIONS = DEBUG;
				SWIFT_OPTIMIZATION_LEVEL = "-Onone";
			};
			name = Debug;
		};
		CDFD4645246C541400F741D1 /* Release */ = {
			isa = XCBuildConfiguration;
			buildSettings = {
				ALWAYS_SEARCH_USER_PATHS = NO;
				CLANG_ANALYZER_NONNULL = YES;
				CLANG_ANALYZER_NUMBER_OBJECT_CONVERSION = YES_AGGRESSIVE;
				CLANG_CXX_LANGUAGE_STANDARD = "gnu++14";
				CLANG_CXX_LIBRARY = "libc++";
				CLANG_ENABLE_MODULES = YES;
				CLANG_ENABLE_OBJC_ARC = YES;
				CLANG_ENABLE_OBJC_WEAK = YES;
				CLANG_WARN_BLOCK_CAPTURE_AUTORELEASING = YES;
				CLANG_WARN_BOOL_CONVERSION = YES;
				CLANG_WARN_COMMA = YES;
				CLANG_WARN_CONSTANT_CONVERSION = YES;
				CLANG_WARN_DEPRECATED_OBJC_IMPLEMENTATIONS = YES;
				CLANG_WARN_DIRECT_OBJC_ISA_USAGE = YES_ERROR;
				CLANG_WARN_DOCUMENTATION_COMMENTS = YES;
				CLANG_WARN_EMPTY_BODY = YES;
				CLANG_WARN_ENUM_CONVERSION = YES;
				CLANG_WARN_INFINITE_RECURSION = YES;
				CLANG_WARN_INT_CONVERSION = YES;
				CLANG_WARN_NON_LITERAL_NULL_CONVERSION = YES;
				CLANG_WARN_OBJC_IMPLICIT_RETAIN_SELF = YES;
				CLANG_WARN_OBJC_LITERAL_CONVERSION = YES;
				CLANG_WARN_OBJC_ROOT_CLASS = YES_ERROR;
				CLANG_WARN_RANGE_LOOP_ANALYSIS = YES;
				CLANG_WARN_STRICT_PROTOTYPES = YES;
				CLANG_WARN_SUSPICIOUS_MOVE = YES;
				CLANG_WARN_UNGUARDED_AVAILABILITY = YES_AGGRESSIVE;
				CLANG_WARN_UNREACHABLE_CODE = YES;
				CLANG_WARN__DUPLICATE_METHOD_MATCH = YES;
				COPY_PHASE_STRIP = NO;
				DEBUG_INFORMATION_FORMAT = "dwarf-with-dsym";
				ENABLE_NS_ASSERTIONS = NO;
				ENABLE_STRICT_OBJC_MSGSEND = YES;
				GCC_C_LANGUAGE_STANDARD = gnu11;
				GCC_NO_COMMON_BLOCKS = YES;
				GCC_WARN_64_TO_32_BIT_CONVERSION = YES;
				GCC_WARN_ABOUT_RETURN_TYPE = YES_ERROR;
				GCC_WARN_UNDECLARED_SELECTOR = YES;
				GCC_WARN_UNINITIALIZED_AUTOS = YES_AGGRESSIVE;
				GCC_WARN_UNUSED_FUNCTION = YES;
				GCC_WARN_UNUSED_VARIABLE = YES;
				IPHONEOS_DEPLOYMENT_TARGET = 13.4;
				MTL_ENABLE_DEBUG_INFO = NO;
				MTL_FAST_MATH = YES;
				SDKROOT = iphoneos;
				SWIFT_COMPILATION_MODE = wholemodule;
				SWIFT_OPTIMIZATION_LEVEL = "-O";
				VALIDATE_PRODUCT = YES;
			};
			name = Release;
		};
		CDFD4647246C541400F741D1 /* Debug */ = {
			isa = XCBuildConfiguration;
			baseConfigurationReference = DE3AD9081390A4DA032590C8 /* Pods-ExpenseTracker.debug.xcconfig */;
			buildSettings = {
				ASSETCATALOG_COMPILER_APPICON_NAME = AppIcon;
				CODE_SIGN_STYLE = Automatic;
				DEVELOPMENT_TEAM = 4ACW8892N5;
				INFOPLIST_FILE = ExpenseTracker/Info.plist;
				LD_RUNPATH_SEARCH_PATHS = (
					"$(inherited)",
					"@executable_path/Frameworks",
				);
				PRODUCT_BUNDLE_IDENTIFIER = com.eliheineman.ExpenseTracker;
				PRODUCT_NAME = "$(TARGET_NAME)";
				SWIFT_VERSION = 5.0;
				TARGETED_DEVICE_FAMILY = "1,2";
			};
			name = Debug;
		};
		CDFD4648246C541400F741D1 /* Release */ = {
			isa = XCBuildConfiguration;
			baseConfigurationReference = 9FBCAE8DA454C7B24FD28845 /* Pods-ExpenseTracker.release.xcconfig */;
			buildSettings = {
				ASSETCATALOG_COMPILER_APPICON_NAME = AppIcon;
				CODE_SIGN_STYLE = Automatic;
				DEVELOPMENT_TEAM = 4ACW8892N5;
				INFOPLIST_FILE = ExpenseTracker/Info.plist;
				LD_RUNPATH_SEARCH_PATHS = (
					"$(inherited)",
					"@executable_path/Frameworks",
				);
				PRODUCT_BUNDLE_IDENTIFIER = com.eliheineman.ExpenseTracker;
				PRODUCT_NAME = "$(TARGET_NAME)";
				SWIFT_VERSION = 5.0;
				TARGETED_DEVICE_FAMILY = "1,2";
			};
			name = Release;
		};
		CDFD464A246C541400F741D1 /* Debug */ = {
			isa = XCBuildConfiguration;
			baseConfigurationReference = 5EE25AA958CE8A04F5A0857E /* Pods-ExpenseTracker-ExpenseTrackerTests.debug.xcconfig */;
			buildSettings = {
				ALWAYS_EMBED_SWIFT_STANDARD_LIBRARIES = YES;
				BUNDLE_LOADER = "$(TEST_HOST)";
				CODE_SIGN_STYLE = Automatic;
				DEVELOPMENT_TEAM = 4ACW8892N5;
				INFOPLIST_FILE = ExpenseTrackerTests/Info.plist;
				IPHONEOS_DEPLOYMENT_TARGET = 13.4;
				LD_RUNPATH_SEARCH_PATHS = (
					"$(inherited)",
					"@executable_path/Frameworks",
					"@loader_path/Frameworks",
				);
				PRODUCT_BUNDLE_IDENTIFIER = com.eliheineman.ExpenseTrackerTests;
				PRODUCT_NAME = "$(TARGET_NAME)";
				SWIFT_VERSION = 5.0;
				TARGETED_DEVICE_FAMILY = "1,2";
				TEST_HOST = "$(BUILT_PRODUCTS_DIR)/ExpenseTracker.app/ExpenseTracker";
			};
			name = Debug;
		};
		CDFD464B246C541400F741D1 /* Release */ = {
			isa = XCBuildConfiguration;
			baseConfigurationReference = 9354A788BF7AF3547BDA8D6E /* Pods-ExpenseTracker-ExpenseTrackerTests.release.xcconfig */;
			buildSettings = {
				ALWAYS_EMBED_SWIFT_STANDARD_LIBRARIES = YES;
				BUNDLE_LOADER = "$(TEST_HOST)";
				CODE_SIGN_STYLE = Automatic;
				DEVELOPMENT_TEAM = 4ACW8892N5;
				INFOPLIST_FILE = ExpenseTrackerTests/Info.plist;
				IPHONEOS_DEPLOYMENT_TARGET = 13.4;
				LD_RUNPATH_SEARCH_PATHS = (
					"$(inherited)",
					"@executable_path/Frameworks",
					"@loader_path/Frameworks",
				);
				PRODUCT_BUNDLE_IDENTIFIER = com.eliheineman.ExpenseTrackerTests;
				PRODUCT_NAME = "$(TARGET_NAME)";
				SWIFT_VERSION = 5.0;
				TARGETED_DEVICE_FAMILY = "1,2";
				TEST_HOST = "$(BUILT_PRODUCTS_DIR)/ExpenseTracker.app/ExpenseTracker";
			};
			name = Release;
		};
/* End XCBuildConfiguration section */

/* Begin XCConfigurationList section */
		CDFD4622246C541300F741D1 /* Build configuration list for PBXProject "ExpenseTracker" */ = {
			isa = XCConfigurationList;
			buildConfigurations = (
				CDFD4644246C541400F741D1 /* Debug */,
				CDFD4645246C541400F741D1 /* Release */,
			);
			defaultConfigurationIsVisible = 0;
			defaultConfigurationName = Release;
		};
		CDFD4646246C541400F741D1 /* Build configuration list for PBXNativeTarget "ExpenseTracker" */ = {
			isa = XCConfigurationList;
			buildConfigurations = (
				CDFD4647246C541400F741D1 /* Debug */,
				CDFD4648246C541400F741D1 /* Release */,
			);
			defaultConfigurationIsVisible = 0;
			defaultConfigurationName = Release;
		};
		CDFD4649246C541400F741D1 /* Build configuration list for PBXNativeTarget "ExpenseTrackerTests" */ = {
			isa = XCConfigurationList;
			buildConfigurations = (
				CDFD464A246C541400F741D1 /* Debug */,
				CDFD464B246C541400F741D1 /* Release */,
			);
			defaultConfigurationIsVisible = 0;
			defaultConfigurationName = Release;
		};
/* End XCConfigurationList section */
	};
	rootObject = CDFD461F246C541300F741D1 /* Project object */;
}
